
Microsoft Visual Studio Solution File, Format Version 12.00
# Visual Studio Version 17
VisualStudioVersion = 17.4.33122.133
MinimumVisualStudioVersion = 10.0.40219.1
Project("{FAE04EC0-301F-11D3-BF4B-00C04F79EFBC}") = "PracticeProgram", "PracticeProgram\PracticeProgram.csproj", "{54F1973B-08CF-476B-B774-B91B961476E8}"
EndProject
Global
	GlobalSection(SolutionConfigurationPlatforms) = preSolution
		Debug|Any CPU = Debug|Any CPU
		Release|Any CPU = Release|Any CPU
	EndGlobalSection
	GlobalSection(ProjectConfigurationPlatforms) = postSolution
		{54F1973B-08CF-476B-B774-B91B961476E8}.Debug|Any CPU.ActiveCfg = Debug|Any CPU
		{54F1973B-08CF-476B-B774-B91B961476E8}.Debug|Any CPU.Build.0 = Debug|Any CPU
		{54F1973B-08CF-476B-B774-B91B961476E8}.Release|Any CPU.ActiveCfg = Release|Any CPU
		{54F1973B-08CF-476B-B774-B91B961476E8}.Release|Any CPU.Build.0 = Release|Any CPU
	EndGlobalSection
	GlobalSection(SolutionProperties) = preSolution
		HideSolutionNode = FALSE
	EndGlobalSection
	GlobalSection(ExtensibilityGlobals) = postSolution
		SolutionGuid = {E2D44C77-CAFD-4739-900A-7CEF8D593E89}
	EndGlobalSection
EndGlobal
